
Microsoft Visual Studio Solution File, Format Version 12.00
# Visual Studio Version 17
VisualStudioVersion = 17.14.36203.30 d17.14
MinimumVisualStudioVersion = 10.0.40219.1
Project("{FAE04EC0-301F-11D3-BF4B-00C04F79EFBC}") = "ChroniaHelper", "ChroniaHelper.csproj", "{CBB890F1-6254-A408-816A-CAC33AF53009}"
EndProject
Global
	GlobalSection(SolutionConfigurationPlatforms) = preSolution
		Debug|Any CPU = Debug|Any CPU
		Release|Any CPU = Release|Any CPU
	EndGlobalSection
	GlobalSection(ProjectConfigurationPlatforms) = postSolution
		{CBB890F1-6254-A408-816A-CAC33AF53009}.Debug|Any CPU.ActiveCfg = Debug|Any CPU
		{CBB890F1-6254-A408-816A-CAC33AF53009}.Debug|Any CPU.Build.0 = Debug|Any CPU
		{CBB890F1-6254-A408-816A-CAC33AF53009}.Release|Any CPU.ActiveCfg = Release|Any CPU
		{CBB890F1-6254-A408-816A-CAC33AF53009}.Release|Any CPU.Build.0 = Release|Any CPU
	EndGlobalSection
	GlobalSection(SolutionProperties) = preSolution
		HideSolutionNode = FALSE
	EndGlobalSection
	GlobalSection(ExtensibilityGlobals) = postSolution
		SolutionGuid = {3B4DB57D-24C1-40A8-BE19-A36E854F383B}
	EndGlobalSection
EndGlobal
